
Microsoft Visual Studio Solution File, Format Version 12.00
# Visual Studio Version 16
VisualStudioVersion = 16.0.30309.148
MinimumVisualStudioVersion = 10.0.40219.1
Project("{FAE04EC0-301F-11D3-BF4B-00C04F79EFBC}") = "Agile_Books_2", "Agile_Books_2\Agile_Books_2.csproj", "{270F4238-C46E-41EB-B0B9-082F69072B55}"
EndProject
Global
	GlobalSection(SolutionConfigurationPlatforms) = preSolution
		Debug|Any CPU = Debug|Any CPU
		Release|Any CPU = Release|Any CPU
	EndGlobalSection
	GlobalSection(ProjectConfigurationPlatforms) = postSolution
		{270F4238-C46E-41EB-B0B9-082F69072B55}.Debug|Any CPU.ActiveCfg = Debug|Any CPU
		{270F4238-C46E-41EB-B0B9-082F69072B55}.Debug|Any CPU.Build.0 = Debug|Any CPU
		{270F4238-C46E-41EB-B0B9-082F69072B55}.Debug|Any CPU.Deploy.0 = Debug|Any CPU
		{270F4238-C46E-41EB-B0B9-082F69072B55}.Release|Any CPU.ActiveCfg = Release|Any CPU
		{270F4238-C46E-41EB-B0B9-082F69072B55}.Release|Any CPU.Build.0 = Release|Any CPU
		{270F4238-C46E-41EB-B0B9-082F69072B55}.Release|Any CPU.Deploy.0 = Release|Any CPU
	EndGlobalSection
	GlobalSection(SolutionProperties) = preSolution
		HideSolutionNode = FALSE
	EndGlobalSection
	GlobalSection(ExtensibilityGlobals) = postSolution
		SolutionGuid = {3FF2B390-B948-4A17-8C87-F0CB824561F6}
	EndGlobalSection
EndGlobal
